
Microsoft Visual Studio Solution File, Format Version 12.00
# Visual Studio Version 17
VisualStudioVersion = 17.0.31903.59
MinimumVisualStudioVersion = 10.0.40219.1
Project("{2150E333-8FDC-42A3-9474-1A3956D46DE8}") = "src", "src", "{827E0CD3-B72D-47B6-A68D-7590B98EB39B}"
EndProject
Project("{FAE04EC0-301F-11D3-BF4B-00C04F79EFBC}") = "ServiceFlow.Api", "src\ServiceFlow.Api\ServiceFlow.Api.csproj", "{C6C9599B-1861-4B2D-843B-E5C5E908FF58}"
EndProject
Project("{FAE04EC0-301F-11D3-BF4B-00C04F79EFBC}") = "ServiceFlow.Application", "src\ServiceFlow.Application\ServiceFlow.Application.csproj", "{AC0FCE19-01FB-41E9-A198-0E86B1EA2BF9}"
EndProject
Project("{FAE04EC0-301F-11D3-BF4B-00C04F79EFBC}") = "ServiceFlow.Domain", "src\ServiceFlow.Domain\ServiceFlow.Domain.csproj", "{97072EA5-8200-448A-B1A4-3F378AC44747}"
EndProject
Project("{FAE04EC0-301F-11D3-BF4B-00C04F79EFBC}") = "ServiceFlow.Infrastructure", "src\ServiceFlow.Infrastructure\ServiceFlow.Infrastructure.csproj", "{93EE07C6-0978-483F-87DF-23D5824FFD0F}"
EndProject
Project("{2150E333-8FDC-42A3-9474-1A3956D46DE8}") = "tests", "tests", "{0AB3BF05-4346-4AA6-1389-037BE0695223}"
EndProject
Project("{FAE04EC0-301F-11D3-BF4B-00C04F79EFBC}") = "ServiceFlow.Tests", "tests\ServiceFlow.Tests\ServiceFlow.Tests.csproj", "{2FD95EF9-F69E-4BC1-9F72-B8AB3CFE0955}"
EndProject
Global
	GlobalSection(SolutionConfigurationPlatforms) = preSolution
		Debug|Any CPU = Debug|Any CPU
		Debug|x64 = Debug|x64
		Debug|x86 = Debug|x86
		Release|Any CPU = Release|Any CPU
		Release|x64 = Release|x64
		Release|x86 = Release|x86
	EndGlobalSection
	GlobalSection(ProjectConfigurationPlatforms) = postSolution
		{C6C9599B-1861-4B2D-843B-E5C5E908FF58}.Debug|Any CPU.ActiveCfg = Debug|Any CPU
		{C6C9599B-1861-4B2D-843B-E5C5E908FF58}.Debug|Any CPU.Build.0 = Debug|Any CPU
		{C6C9599B-1861-4B2D-843B-E5C5E908FF58}.Debug|x64.ActiveCfg = Debug|Any CPU
		{C6C9599B-1861-4B2D-843B-E5C5E908FF58}.Debug|x64.Build.0 = Debug|Any CPU
		{C6C9599B-1861-4B2D-843B-E5C5E908FF58}.Debug|x86.ActiveCfg = Debug|Any CPU
		{C6C9599B-1861-4B2D-843B-E5C5E908FF58}.Debug|x86.Build.0 = Debug|Any CPU
		{C6C9599B-1861-4B2D-843B-E5C5E908FF58}.Release|Any CPU.ActiveCfg = Release|Any CPU
		{C6C9599B-1861-4B2D-843B-E5C5E908FF58}.Release|Any CPU.Build.0 = Release|Any CPU
		{C6C9599B-1861-4B2D-843B-E5C5E908FF58}.Release|x64.ActiveCfg = Release|Any CPU
		{C6C9599B-1861-4B2D-843B-E5C5E908FF58}.Release|x64.Build.0 = Release|Any CPU
		{C6C9599B-1861-4B2D-843B-E5C5E908FF58}.Release|x86.ActiveCfg = Release|Any CPU
		{C6C9599B-1861-4B2D-843B-E5C5E908FF58}.Release|x86.Build.0 = Release|Any CPU
		{AC0FCE19-01FB-41E9-A198-0E86B1EA2BF9}.Debug|Any CPU.ActiveCfg = Debug|Any CPU
		{AC0FCE19-01FB-41E9-A198-0E86B1EA2BF9}.Debug|Any CPU.Build.0 = Debug|Any CPU
		{AC0FCE19-01FB-41E9-A198-0E86B1EA2BF9}.Debug|x64.ActiveCfg = Debug|Any CPU
		{AC0FCE19-01FB-41E9-A198-0E86B1EA2BF9}.Debug|x64.Build.0 = Debug|Any CPU
		{AC0FCE19-01FB-41E9-A198-0E86B1EA2BF9}.Debug|x86.ActiveCfg = Debug|Any CPU
		{AC0FCE19-01FB-41E9-A198-0E86B1EA2BF9}.Debug|x86.Build.0 = Debug|Any CPU
		{AC0FCE19-01FB-41E9-A198-0E86B1EA2BF9}.Release|Any CPU.ActiveCfg = Release|Any CPU
		{AC0FCE19-01FB-41E9-A198-0E86B1EA2BF9}.Release|Any CPU.Build.0 = Release|Any CPU
		{AC0FCE19-01FB-41E9-A198-0E86B1EA2BF9}.Release|x64.ActiveCfg = Release|Any CPU
		{AC0FCE19-01FB-41E9-A198-0E86B1EA2BF9}.Release|x64.Build.0 = Release|Any CPU
		{AC0FCE19-01FB-41E9-A198-0E86B1EA2BF9}.Release|x86.ActiveCfg = Release|Any CPU
		{AC0FCE19-01FB-41E9-A198-0E86B1EA2BF9}.Release|x86.Build.0 = Release|Any CPU
		{97072EA5-8200-448A-B1A4-3F378AC44747}.Debug|Any CPU.ActiveCfg = Debug|Any CPU
		{97072EA5-8200-448A-B1A4-3F378AC44747}.Debug|Any CPU.Build.0 = Debug|Any CPU
		{97072EA5-8200-448A-B1A4-3F378AC44747}.Debug|x64.ActiveCfg = Debug|Any CPU
		{97072EA5-8200-448A-B1A4-3F378AC44747}.Debug|x64.Build.0 = Debug|Any CPU
		{97072EA5-8200-448A-B1A4-3F378AC44747}.Debug|x86.ActiveCfg = Debug|Any CPU
		{97072EA5-8200-448A-B1A4-3F378AC44747}.Debug|x86.Build.0 = Debug|Any CPU
		{97072EA5-8200-448A-B1A4-3F378AC44747}.Release|Any CPU.ActiveCfg = Release|Any CPU
		{97072EA5-8200-448A-B1A4-3F378AC44747}.Release|Any CPU.Build.0 = Release|Any CPU
		{97072EA5-8200-448A-B1A4-3F378AC44747}.Release|x64.ActiveCfg = Release|Any CPU
		{97072EA5-8200-448A-B1A4-3F378AC44747}.Release|x64.Build.0 = Release|Any CPU
		{97072EA5-8200-448A-B1A4-3F378AC44747}.Release|x86.ActiveCfg = Release|Any CPU
		{97072EA5-8200-448A-B1A4-3F378AC44747}.Release|x86.Build.0 = Release|Any CPU
		{93EE07C6-0978-483F-87DF-23D5824FFD0F}.Debug|Any CPU.ActiveCfg = Debug|Any CPU
		{93EE07C6-0978-483F-87DF-23D5824FFD0F}.Debug|Any CPU.Build.0 = Debug|Any CPU
		{93EE07C6-0978-483F-87DF-23D5824FFD0F}.Debug|x64.ActiveCfg = Debug|Any CPU
		{93EE07C6-0978-483F-87DF-23D5824FFD0F}.Debug|x64.Build.0 = Debug|Any CPU
		{93EE07C6-0978-483F-87DF-23D5824FFD0F}.Debug|x86.ActiveCfg = Debug|Any CPU
		{93EE07C6-0978-483F-87DF-23D5824FFD0F}.Debug|x86.Build.0 = Debug|Any CPU
		{93EE07C6-0978-483F-87DF-23D5824FFD0F}.Release|Any CPU.ActiveCfg = Release|Any CPU
		{93EE07C6-0978-483F-87DF-23D5824FFD0F}.Release|Any CPU.Build.0 = Release|Any CPU
		{93EE07C6-0978-483F-87DF-23D5824FFD0F}.Release|x64.ActiveCfg = Release|Any CPU
		{93EE07C6-0978-483F-87DF-23D5824FFD0F}.Release|x64.Build.0 = Release|Any CPU
		{93EE07C6-0978-483F-87DF-23D5824FFD0F}.Release|x86.ActiveCfg = Release|Any CPU
		{93EE07C6-0978-483F-87DF-23D5824FFD0F}.Release|x86.Build.0 = Release|Any CPU
		{2FD95EF9-F69E-4BC1-9F72-B8AB3CFE0955}.Debug|Any CPU.ActiveCfg = Debug|Any CPU
		{2FD95EF9-F69E-4BC1-9F72-B8AB3CFE0955}.Debug|Any CPU.Build.0 = Debug|Any CPU
		{2FD95EF9-F69E-4BC1-9F72-B8AB3CFE0955}.Debug|x64.ActiveCfg = Debug|Any CPU
		{2FD95EF9-F69E-4BC1-9F72-B8AB3CFE0955}.Debug|x64.Build.0 = Debug|Any CPU
		{2FD95EF9-F69E-4BC1-9F72-B8AB3CFE0955}.Debug|x86.ActiveCfg = Debug|Any CPU
		{2FD95EF9-F69E-4BC1-9F72-B8AB3CFE0955}.Debug|x86.Build.0 = Debug|Any CPU
		{2FD95EF9-F69E-4BC1-9F72-B8AB3CFE0955}.Release|Any CPU.ActiveCfg = Release|Any CPU
		{2FD95EF9-F69E-4BC1-9F72-B8AB3CFE0955}.Release|Any CPU.Build.0 = Release|Any CPU
		{2FD95EF9-F69E-4BC1-9F72-B8AB3CFE0955}.Release|x64.ActiveCfg = Release|Any CPU
		{2FD95EF9-F69E-4BC1-9F72-B8AB3CFE0955}.Release|x64.Build.0 = Release|Any CPU
		{2FD95EF9-F69E-4BC1-9F72-B8AB3CFE0955}.Release|x86.ActiveCfg = Release|Any CPU
		{2FD95EF9-F69E-4BC1-9F72-B8AB3CFE0955}.Release|x86.Build.0 = Release|Any CPU
	EndGlobalSection
	GlobalSection(SolutionProperties) = preSolution
		HideSolutionNode = FALSE
	EndGlobalSection
	GlobalSection(NestedProjects) = preSolution
		{C6C9599B-1861-4B2D-843B-E5C5E908FF58} = {827E0CD3-B72D-47B6-A68D-7590B98EB39B}
		{AC0FCE19-01FB-41E9-A198-0E86B1EA2BF9} = {827E0CD3-B72D-47B6-A68D-7590B98EB39B}
		{97072EA5-8200-448A-B1A4-3F378AC44747} = {827E0CD3-B72D-47B6-A68D-7590B98EB39B}
		{93EE07C6-0978-483F-87DF-23D5824FFD0F} = {827E0CD3-B72D-47B6-A68D-7590B98EB39B}
		{2FD95EF9-F69E-4BC1-9F72-B8AB3CFE0955} = {0AB3BF05-4346-4AA6-1389-037BE0695223}
	EndGlobalSection
EndGlobal
